
Microsoft Visual Studio Solution File, Format Version 12.00
# Visual Studio Version 17
VisualStudioVersion = 17.11.35327.3
MinimumVisualStudioVersion = 10.0.40219.1
Project("{FAE04EC0-301F-11D3-BF4B-00C04F79EFBC}") = "LMS.API", "LMS.API.csproj", "{FA67B98F-F367-4B75-812F-DDA5C500721C}"
EndProject
Global
	GlobalSection(SolutionConfigurationPlatforms) = preSolution
		Debug|Any CPU = Debug|Any CPU
		Release|Any CPU = Release|Any CPU
	EndGlobalSection
	GlobalSection(ProjectConfigurationPlatforms) = postSolution
		{FA67B98F-F367-4B75-812F-DDA5C500721C}.Debug|Any CPU.ActiveCfg = Debug|Any CPU
		{FA67B98F-F367-4B75-812F-DDA5C500721C}.Debug|Any CPU.Build.0 = Debug|Any CPU
		{FA67B98F-F367-4B75-812F-DDA5C500721C}.Release|Any CPU.ActiveCfg = Release|Any CPU
		{FA67B98F-F367-4B75-812F-DDA5C500721C}.Release|Any CPU.Build.0 = Release|Any CPU
	EndGlobalSection
	GlobalSection(SolutionProperties) = preSolution
		HideSolutionNode = FALSE
	EndGlobalSection
	GlobalSection(ExtensibilityGlobals) = postSolution
		SolutionGuid = {3FAD59FD-7637-4D7E-91DE-E58CC6C9CC32}
	EndGlobalSection
EndGlobal
